// !$*UTF8*$!
{
	archiveVersion = 1;
	classes = {
	};
	objectVersion = 52;
	objects = {

/* Begin PBXBuildFile section */
		017579F827F14CB000E408D8 /* RealmHelper.swift in Sources */ = {isa = PBXBuildFile; fileRef = 017579F727F14CB000E408D8 /* RealmHelper.swift */; };
		017579FB27F14E4D00E408D8 /* Realm in Frameworks */ = {isa = PBXBuildFile; productRef = 017579FA27F14E4D00E408D8 /* Realm */; };
		017579FD27F14E4D00E408D8 /* RealmSwift in Frameworks */ = {isa = PBXBuildFile; productRef = 017579FC27F14E4D00E408D8 /* RealmSwift */; };
		01757A0327F2BD7F00E408D8 /* CachedUser.swift in Sources */ = {isa = PBXBuildFile; fileRef = 01757A0227F2BD7F00E408D8 /* CachedUser.swift */; };
		01DF332127EDFD3800F80FC5 /* UserModel.swift in Sources */ = {isa = PBXBuildFile; fileRef = 01DF332027EDFD3800F80FC5 /* UserModel.swift */; };
		01DF332427EE01FC00F80FC5 /* URLSession+Fetch.swift in Sources */ = {isa = PBXBuildFile; fileRef = 01DF332327EE01FC00F80FC5 /* URLSession+Fetch.swift */; };
		01DF332A27EE5D5100F80FC5 /* User.storyboard in Resources */ = {isa = PBXBuildFile; fileRef = 01DF332827EE5D0700F80FC5 /* User.storyboard */; };
		01DF332D27EE673E00F80FC5 /* UserEntity.swift in Sources */ = {isa = PBXBuildFile; fileRef = 01DF332C27EE673E00F80FC5 /* UserEntity.swift */; };
		01DF332F27EE67A500F80FC5 /* Constants.swift in Sources */ = {isa = PBXBuildFile; fileRef = 01DF332E27EE67A500F80FC5 /* Constants.swift */; };
		01DF333127EE6A5600F80FC5 /* UIImageView+Radius.swift in Sources */ = {isa = PBXBuildFile; fileRef = 01DF333027EE6A5600F80FC5 /* UIImageView+Radius.swift */; };
		01DF333427EE6B9900F80FC5 /* FollowerTableViewCell.swift in Sources */ = {isa = PBXBuildFile; fileRef = 01DF333327EE6B9900F80FC5 /* FollowerTableViewCell.swift */; };
		01DF333627EE6BCF00F80FC5 /* PhotoImageView.swift in Sources */ = {isa = PBXBuildFile; fileRef = 01DF333527EE6BCF00F80FC5 /* PhotoImageView.swift */; };
		01F7326027ECF0950026C136 /* AppDelegate.swift in Sources */ = {isa = PBXBuildFile; fileRef = 01F7325F27ECF0950026C136 /* AppDelegate.swift */; };
		01F7326227ECF0950026C136 /* SceneDelegate.swift in Sources */ = {isa = PBXBuildFile; fileRef = 01F7326127ECF0950026C136 /* SceneDelegate.swift */; };
		01F7326427ECF0950026C136 /* SearchViewController.swift in Sources */ = {isa = PBXBuildFile; fileRef = 01F7326327ECF0950026C136 /* SearchViewController.swift */; };
		01F7326727ECF0950026C136 /* Search.storyboard in Resources */ = {isa = PBXBuildFile; fileRef = 01F7326527ECF0950026C136 /* Search.storyboard */; };
		01F7326927ECF0990026C136 /* Assets.xcassets in Resources */ = {isa = PBXBuildFile; fileRef = 01F7326827ECF0990026C136 /* Assets.xcassets */; };
		01F7326C27ECF0990026C136 /* LaunchScreen.storyboard in Resources */ = {isa = PBXBuildFile; fileRef = 01F7326A27ECF0990026C136 /* LaunchScreen.storyboard */; };
		01F7327727ECF0990026C136 /* GitHubProfileExplorerTests.swift in Sources */ = {isa = PBXBuildFile; fileRef = 01F7327627ECF0990026C136 /* GitHubProfileExplorerTests.swift */; };
		01F7328227ECF0990026C136 /* GitHubProfileExplorerUITests.swift in Sources */ = {isa = PBXBuildFile; fileRef = 01F7328127ECF0990026C136 /* GitHubProfileExplorerUITests.swift */; };
		01F7329327ECF3DF0026C136 /* UserViewController.swift in Sources */ = {isa = PBXBuildFile; fileRef = 01F7329227ECF3DF0026C136 /* UserViewController.swift */; };
		01F7329D27ED1AE90026C136 /* Router.swift in Sources */ = {isa = PBXBuildFile; fileRef = 01F7329C27ED1AE90026C136 /* Router.swift */; };
		01F732A127ED1F870026C136 /* DependencyProvider.swift in Sources */ = {isa = PBXBuildFile; fileRef = 01F732A027ED1F870026C136 /* DependencyProvider.swift */; };
/* End PBXBuildFile section */

/* Begin PBXContainerItemProxy section */
		01F7327327ECF0990026C136 /* PBXContainerItemProxy */ = {
			isa = PBXContainerItemProxy;
			containerPortal = 01F7325427ECF0950026C136 /* Project object */;
			proxyType = 1;
			remoteGlobalIDString = 01F7325B27ECF0950026C136;
			remoteInfo = GitHubProfileExplorer;
		};
		01F7327E27ECF0990026C136 /* PBXContainerItemProxy */ = {
			isa = PBXContainerItemProxy;
			containerPortal = 01F7325427ECF0950026C136 /* Project object */;
			proxyType = 1;
			remoteGlobalIDString = 01F7325B27ECF0950026C136;
			remoteInfo = GitHubProfileExplorer;
		};
/* End PBXContainerItemProxy section */

/* Begin PBXFileReference section */
		017579F727F14CB000E408D8 /* RealmHelper.swift */ = {isa = PBXFileReference; lastKnownFileType = sourcecode.swift; path = RealmHelper.swift; sourceTree = "<group>"; };
		01757A0227F2BD7F00E408D8 /* CachedUser.swift */ = {isa = PBXFileReference; lastKnownFileType = sourcecode.swift; path = CachedUser.swift; sourceTree = "<group>"; };
		01DF332027EDFD3800F80FC5 /* UserModel.swift */ = {isa = PBXFileReference; lastKnownFileType = sourcecode.swift; path = UserModel.swift; sourceTree = "<group>"; };
		01DF332327EE01FC00F80FC5 /* URLSession+Fetch.swift */ = {isa = PBXFileReference; lastKnownFileType = sourcecode.swift; path = "URLSession+Fetch.swift"; sourceTree = "<group>"; };
		01DF332927EE5D0700F80FC5 /* Base */ = {isa = PBXFileReference; lastKnownFileType = file.storyboard; name = Base; path = Base.lproj/User.storyboard; sourceTree = "<group>"; };
		01DF332C27EE673E00F80FC5 /* UserEntity.swift */ = {isa = PBXFileReference; lastKnownFileType = sourcecode.swift; path = UserEntity.swift; sourceTree = "<group>"; };
		01DF332E27EE67A500F80FC5 /* Constants.swift */ = {isa = PBXFileReference; lastKnownFileType = sourcecode.swift; path = Constants.swift; sourceTree = "<group>"; };
		01DF333027EE6A5600F80FC5 /* UIImageView+Radius.swift */ = {isa = PBXFileReference; lastKnownFileType = sourcecode.swift; path = "UIImageView+Radius.swift"; sourceTree = "<group>"; };
		01DF333327EE6B9900F80FC5 /* FollowerTableViewCell.swift */ = {isa = PBXFileReference; lastKnownFileType = sourcecode.swift; path = FollowerTableViewCell.swift; sourceTree = "<group>"; };
		01DF333527EE6BCF00F80FC5 /* PhotoImageView.swift */ = {isa = PBXFileReference; lastKnownFileType = sourcecode.swift; path = PhotoImageView.swift; sourceTree = "<group>"; };
		01F7325C27ECF0950026C136 /* GitHubProfileExplorer.app */ = {isa = PBXFileReference; explicitFileType = wrapper.application; includeInIndex = 0; path = GitHubProfileExplorer.app; sourceTree = BUILT_PRODUCTS_DIR; };
		01F7325F27ECF0950026C136 /* AppDelegate.swift */ = {isa = PBXFileReference; lastKnownFileType = sourcecode.swift; path = AppDelegate.swift; sourceTree = "<group>"; };
		01F7326127ECF0950026C136 /* SceneDelegate.swift */ = {isa = PBXFileReference; lastKnownFileType = sourcecode.swift; path = SceneDelegate.swift; sourceTree = "<group>"; };
		01F7326327ECF0950026C136 /* SearchViewController.swift */ = {isa = PBXFileReference; lastKnownFileType = sourcecode.swift; path = SearchViewController.swift; sourceTree = "<group>"; };
		01F7326627ECF0950026C136 /* Base */ = {isa = PBXFileReference; lastKnownFileType = file.storyboard; name = Base; path = Base.lproj/Search.storyboard; sourceTree = "<group>"; };
		01F7326827ECF0990026C136 /* Assets.xcassets */ = {isa = PBXFileReference; lastKnownFileType = folder.assetcatalog; path = Assets.xcassets; sourceTree = "<group>"; };
		01F7326B27ECF0990026C136 /* Base */ = {isa = PBXFileReference; lastKnownFileType = file.storyboard; name = Base; path = Base.lproj/LaunchScreen.storyboard; sourceTree = "<group>"; };
		01F7326D27ECF0990026C136 /* Info.plist */ = {isa = PBXFileReference; lastKnownFileType = text.plist.xml; path = Info.plist; sourceTree = "<group>"; };
		01F7327227ECF0990026C136 /* GitHubProfileExplorerTests.xctest */ = {isa = PBXFileReference; explicitFileType = wrapper.cfbundle; includeInIndex = 0; path = GitHubProfileExplorerTests.xctest; sourceTree = BUILT_PRODUCTS_DIR; };
		01F7327627ECF0990026C136 /* GitHubProfileExplorerTests.swift */ = {isa = PBXFileReference; lastKnownFileType = sourcecode.swift; path = GitHubProfileExplorerTests.swift; sourceTree = "<group>"; };
		01F7327827ECF0990026C136 /* Info.plist */ = {isa = PBXFileReference; lastKnownFileType = text.plist.xml; path = Info.plist; sourceTree = "<group>"; };
		01F7327D27ECF0990026C136 /* GitHubProfileExplorerUITests.xctest */ = {isa = PBXFileReference; explicitFileType = wrapper.cfbundle; includeInIndex = 0; path = GitHubProfileExplorerUITests.xctest; sourceTree = BUILT_PRODUCTS_DIR; };
		01F7328127ECF0990026C136 /* GitHubProfileExplorerUITests.swift */ = {isa = PBXFileReference; lastKnownFileType = sourcecode.swift; path = GitHubProfileExplorerUITests.swift; sourceTree = "<group>"; };
		01F7328327ECF0990026C136 /* Info.plist */ = {isa = PBXFileReference; lastKnownFileType = text.plist.xml; path = Info.plist; sourceTree = "<group>"; };
		01F7329227ECF3DF0026C136 /* UserViewController.swift */ = {isa = PBXFileReference; lastKnownFileType = sourcecode.swift; path = UserViewController.swift; sourceTree = "<group>"; };
		01F7329C27ED1AE90026C136 /* Router.swift */ = {isa = PBXFileReference; lastKnownFileType = sourcecode.swift; path = Router.swift; sourceTree = "<group>"; };
		01F732A027ED1F870026C136 /* DependencyProvider.swift */ = {isa = PBXFileReference; lastKnownFileType = sourcecode.swift; path = DependencyProvider.swift; sourceTree = "<group>"; };
/* End PBXFileReference section */

/* Begin PBXFrameworksBuildPhase section */
		01F7325927ECF0950026C136 /* Frameworks */ = {
			isa = PBXFrameworksBuildPhase;
			buildActionMask = 2147483647;
			files = (
				017579FD27F14E4D00E408D8 /* RealmSwift in Frameworks */,
				017579FB27F14E4D00E408D8 /* Realm in Frameworks */,
			);
			runOnlyForDeploymentPostprocessing = 0;
		};
		01F7326F27ECF0990026C136 /* Frameworks */ = {
			isa = PBXFrameworksBuildPhase;
			buildActionMask = 2147483647;
			files = (
			);
			runOnlyForDeploymentPostprocessing = 0;
		};
		01F7327A27ECF0990026C136 /* Frameworks */ = {
			isa = PBXFrameworksBuildPhase;
			buildActionMask = 2147483647;
			files = (
			);
			runOnlyForDeploymentPostprocessing = 0;
		};
/* End PBXFrameworksBuildPhase section */

/* Begin PBXGroup section */
		017579F627F14C8600E408D8 /* Realm Helper */ = {
			isa = PBXGroup;
			children = (
				01757A0227F2BD7F00E408D8 /* CachedUser.swift */,
				017579F727F14CB000E408D8 /* RealmHelper.swift */,
			);
			path = "Realm Helper";
			sourceTree = "<group>";
		};
		01DF332227EE01D800F80FC5 /* Extensions */ = {
			isa = PBXGroup;
			children = (
				01DF333027EE6A5600F80FC5 /* UIImageView+Radius.swift */,
				01DF332327EE01FC00F80FC5 /* URLSession+Fetch.swift */,
			);
			path = Extensions;
			sourceTree = "<group>";
		};
		01DF332527EE5C9600F80FC5 /* Screens */ = {
			isa = PBXGroup;
			children = (
				01DF332627EE5CBB00F80FC5 /* Search */,
				01DF332727EE5CC300F80FC5 /* User */,
				01DF333227EE6B6800F80FC5 /* Views */,
			);
			path = Screens;
			sourceTree = "<group>";
		};
		01DF332627EE5CBB00F80FC5 /* Search */ = {
			isa = PBXGroup;
			children = (
				01F7326527ECF0950026C136 /* Search.storyboard */,
				01F7326327ECF0950026C136 /* SearchViewController.swift */,
			);
			path = Search;
			sourceTree = "<group>";
		};
		01DF332727EE5CC300F80FC5 /* User */ = {
			isa = PBXGroup;
			children = (
				01DF333327EE6B9900F80FC5 /* FollowerTableViewCell.swift */,
				01DF332827EE5D0700F80FC5 /* User.storyboard */,
				01DF332C27EE673E00F80FC5 /* UserEntity.swift */,
				01DF332027EDFD3800F80FC5 /* UserModel.swift */,
				01F7329227ECF3DF0026C136 /* UserViewController.swift */,
			);
			path = User;
			sourceTree = "<group>";
		};
		01DF332B27EE614F00F80FC5 /* Application */ = {
			isa = PBXGroup;
			children = (
				01F7329027ECF3770026C136 /* Helpers */,
				01DF332527EE5C9600F80FC5 /* Screens */,
			);
			path = Application;
			sourceTree = "<group>";
		};
		01DF333227EE6B6800F80FC5 /* Views */ = {
			isa = PBXGroup;
			children = (
				01DF333527EE6BCF00F80FC5 /* PhotoImageView.swift */,
			);
			path = Views;
			sourceTree = "<group>";
		};
		01F7325327ECF0950026C136 = {
			isa = PBXGroup;
			children = (
				01F7325E27ECF0950026C136 /* GitHubProfileExplorer */,
				01F7327527ECF0990026C136 /* GitHubProfileExplorerTests */,
				01F7328027ECF0990026C136 /* GitHubProfileExplorerUITests */,
				01F7325D27ECF0950026C136 /* Products */,
			);
			sourceTree = "<group>";
		};
		01F7325D27ECF0950026C136 /* Products */ = {
			isa = PBXGroup;
			children = (
				01F7325C27ECF0950026C136 /* GitHubProfileExplorer.app */,
				01F7327227ECF0990026C136 /* GitHubProfileExplorerTests.xctest */,
				01F7327D27ECF0990026C136 /* GitHubProfileExplorerUITests.xctest */,
			);
			name = Products;
			sourceTree = "<group>";
		};
		01F7325E27ECF0950026C136 /* GitHubProfileExplorer */ = {
			isa = PBXGroup;
			children = (
				01DF332B27EE614F00F80FC5 /* Application */,
				01F7325F27ECF0950026C136 /* AppDelegate.swift */,
				01F7326827ECF0990026C136 /* Assets.xcassets */,
				01F7326D27ECF0990026C136 /* Info.plist */,
				01F7326A27ECF0990026C136 /* LaunchScreen.storyboard */,
				01F7326127ECF0950026C136 /* SceneDelegate.swift */,
			);
			path = GitHubProfileExplorer;
			sourceTree = "<group>";
		};
		01F7327527ECF0990026C136 /* GitHubProfileExplorerTests */ = {
			isa = PBXGroup;
			children = (
				01F7327627ECF0990026C136 /* GitHubProfileExplorerTests.swift */,
				01F7327827ECF0990026C136 /* Info.plist */,
			);
			path = GitHubProfileExplorerTests;
			sourceTree = "<group>";
		};
		01F7328027ECF0990026C136 /* GitHubProfileExplorerUITests */ = {
			isa = PBXGroup;
			children = (
				01F7328127ECF0990026C136 /* GitHubProfileExplorerUITests.swift */,
				01F7328327ECF0990026C136 /* Info.plist */,
			);
			path = GitHubProfileExplorerUITests;
			sourceTree = "<group>";
		};
		01F7329027ECF3770026C136 /* Helpers */ = {
			isa = PBXGroup;
			children = (
				01DF332E27EE67A500F80FC5 /* Constants.swift */,
				01F732A027ED1F870026C136 /* DependencyProvider.swift */,
				01DF332227EE01D800F80FC5 /* Extensions */,
				017579F627F14C8600E408D8 /* Realm Helper */,
				01F7329C27ED1AE90026C136 /* Router.swift */,
			);
			path = Helpers;
			sourceTree = "<group>";
		};
/* End PBXGroup section */

/* Begin PBXNativeTarget section */
		01F7325B27ECF0950026C136 /* GitHubProfileExplorer */ = {
			isa = PBXNativeTarget;
			buildConfigurationList = 01F7328627ECF0990026C136 /* Build configuration list for PBXNativeTarget "GitHubProfileExplorer" */;
			buildPhases = (
				01F7325827ECF0950026C136 /* Sources */,
				01F7325927ECF0950026C136 /* Frameworks */,
				01F7325A27ECF0950026C136 /* Resources */,
			);
			buildRules = (
			);
			dependencies = (
			);
			name = GitHubProfileExplorer;
			packageProductDependencies = (
				017579FA27F14E4D00E408D8 /* Realm */,
				017579FC27F14E4D00E408D8 /* RealmSwift */,
			);
			productName = GitHubProfileExplorer;
			productReference = 01F7325C27ECF0950026C136 /* GitHubProfileExplorer.app */;
			productType = "com.apple.product-type.application";
		};
		01F7327127ECF0990026C136 /* GitHubProfileExplorerTests */ = {
			isa = PBXNativeTarget;
			buildConfigurationList = 01F7328927ECF0990026C136 /* Build configuration list for PBXNativeTarget "GitHubProfileExplorerTests" */;
			buildPhases = (
				01F7326E27ECF0990026C136 /* Sources */,
				01F7326F27ECF0990026C136 /* Frameworks */,
				01F7327027ECF0990026C136 /* Resources */,
			);
			buildRules = (
			);
			dependencies = (
				01F7327427ECF0990026C136 /* PBXTargetDependency */,
			);
			name = GitHubProfileExplorerTests;
			productName = GitHubProfileExplorerTests;
			productReference = 01F7327227ECF0990026C136 /* GitHubProfileExplorerTests.xctest */;
			productType = "com.apple.product-type.bundle.unit-test";
		};
		01F7327C27ECF0990026C136 /* GitHubProfileExplorerUITests */ = {
			isa = PBXNativeTarget;
			buildConfigurationList = 01F7328C27ECF0990026C136 /* Build configuration list for PBXNativeTarget "GitHubProfileExplorerUITests" */;
			buildPhases = (
				01F7327927ECF0990026C136 /* Sources */,
				01F7327A27ECF0990026C136 /* Frameworks */,
				01F7327B27ECF0990026C136 /* Resources */,
			);
			buildRules = (
			);
			dependencies = (
				01F7327F27ECF0990026C136 /* PBXTargetDependency */,
			);
			name = GitHubProfileExplorerUITests;
			productName = GitHubProfileExplorerUITests;
			productReference = 01F7327D27ECF0990026C136 /* GitHubProfileExplorerUITests.xctest */;
			productType = "com.apple.product-type.bundle.ui-testing";
		};
/* End PBXNativeTarget section */

/* Begin PBXProject section */
		01F7325427ECF0950026C136 /* Project object */ = {
			isa = PBXProject;
			attributes = {
				LastSwiftUpdateCheck = 1250;
				LastUpgradeCheck = 1250;
				TargetAttributes = {
					01F7325B27ECF0950026C136 = {
						CreatedOnToolsVersion = 12.5.1;
					};
					01F7327127ECF0990026C136 = {
						CreatedOnToolsVersion = 12.5.1;
						TestTargetID = 01F7325B27ECF0950026C136;
					};
					01F7327C27ECF0990026C136 = {
						CreatedOnToolsVersion = 12.5.1;
						TestTargetID = 01F7325B27ECF0950026C136;
					};
				};
			};
			buildConfigurationList = 01F7325727ECF0950026C136 /* Build configuration list for PBXProject "GitHubProfileExplorer" */;
			compatibilityVersion = "Xcode 9.3";
			developmentRegion = en;
			hasScannedForEncodings = 0;
			knownRegions = (
				en,
				Base,
			);
			mainGroup = 01F7325327ECF0950026C136;
			packageReferences = (
				017579F927F14E4D00E408D8 /* XCRemoteSwiftPackageReference "realm-swift" */,
			);
			productRefGroup = 01F7325D27ECF0950026C136 /* Products */;
			projectDirPath = "";
			projectRoot = "";
			targets = (
				01F7325B27ECF0950026C136 /* GitHubProfileExplorer */,
				01F7327127ECF0990026C136 /* GitHubProfileExplorerTests */,
				01F7327C27ECF0990026C136 /* GitHubProfileExplorerUITests */,
			);
		};
/* End PBXProject section */

/* Begin PBXResourcesBuildPhase section */
		01F7325A27ECF0950026C136 /* Resources */ = {
			isa = PBXResourcesBuildPhase;
			buildActionMask = 2147483647;
			files = (
				01F7326C27ECF0990026C136 /* LaunchScreen.storyboard in Resources */,
				01DF332A27EE5D5100F80FC5 /* User.storyboard in Resources */,
				01F7326927ECF0990026C136 /* Assets.xcassets in Resources */,
				01F7326727ECF0950026C136 /* Search.storyboard in Resources */,
			);
			runOnlyForDeploymentPostprocessing = 0;
		};
		01F7327027ECF0990026C136 /* Resources */ = {
			isa = PBXResourcesBuildPhase;
			buildActionMask = 2147483647;
			files = (
			);
			runOnlyForDeploymentPostprocessing = 0;
		};
		01F7327B27ECF0990026C136 /* Resources */ = {
			isa = PBXResourcesBuildPhase;
			buildActionMask = 2147483647;
			files = (
			);
			runOnlyForDeploymentPostprocessing = 0;
		};
/* End PBXResourcesBuildPhase section */

/* Begin PBXSourcesBuildPhase section */
		01F7325827ECF0950026C136 /* Sources */ = {
			isa = PBXSourcesBuildPhase;
			buildActionMask = 2147483647;
			files = (
				01F7326427ECF0950026C136 /* SearchViewController.swift in Sources */,
				01F7329327ECF3DF0026C136 /* UserViewController.swift in Sources */,
				01757A0327F2BD7F00E408D8 /* CachedUser.swift in Sources */,
				01F7329D27ED1AE90026C136 /* Router.swift in Sources */,
				01F7326027ECF0950026C136 /* AppDelegate.swift in Sources */,
				01DF333127EE6A5600F80FC5 /* UIImageView+Radius.swift in Sources */,
				01DF332D27EE673E00F80FC5 /* UserEntity.swift in Sources */,
				01DF332F27EE67A500F80FC5 /* Constants.swift in Sources */,
				01F7326227ECF0950026C136 /* SceneDelegate.swift in Sources */,
				01DF332427EE01FC00F80FC5 /* URLSession+Fetch.swift in Sources */,
				01F732A127ED1F870026C136 /* DependencyProvider.swift in Sources */,
				01DF332127EDFD3800F80FC5 /* UserModel.swift in Sources */,
				017579F827F14CB000E408D8 /* RealmHelper.swift in Sources */,
				01DF333627EE6BCF00F80FC5 /* PhotoImageView.swift in Sources */,
				01DF333427EE6B9900F80FC5 /* FollowerTableViewCell.swift in Sources */,
			);
			runOnlyForDeploymentPostprocessing = 0;
		};
		01F7326E27ECF0990026C136 /* Sources */ = {
			isa = PBXSourcesBuildPhase;
			buildActionMask = 2147483647;
			files = (
				01F7327727ECF0990026C136 /* GitHubProfileExplorerTests.swift in Sources */,
			);
			runOnlyForDeploymentPostprocessing = 0;
		};
		01F7327927ECF0990026C136 /* Sources */ = {
			isa = PBXSourcesBuildPhase;
			buildActionMask = 2147483647;
			files = (
				01F7328227ECF0990026C136 /* GitHubProfileExplorerUITests.swift in Sources */,
			);
			runOnlyForDeploymentPostprocessing = 0;
		};
/* End PBXSourcesBuildPhase section */

/* Begin PBXTargetDependency section */
		01F7327427ECF0990026C136 /* PBXTargetDependency */ = {
			isa = PBXTargetDependency;
			target = 01F7325B27ECF0950026C136 /* GitHubProfileExplorer */;
			targetProxy = 01F7327327ECF0990026C136 /* PBXContainerItemProxy */;
		};
		01F7327F27ECF0990026C136 /* PBXTargetDependency */ = {
			isa = PBXTargetDependency;
			target = 01F7325B27ECF0950026C136 /* GitHubProfileExplorer */;
			targetProxy = 01F7327E27ECF0990026C136 /* PBXContainerItemProxy */;
		};
/* End PBXTargetDependency section */

/* Begin PBXVariantGroup section */
		01DF332827EE5D0700F80FC5 /* User.storyboard */ = {
			isa = PBXVariantGroup;
			children = (
				01DF332927EE5D0700F80FC5 /* Base */,
			);
			name = User.storyboard;
			sourceTree = "<group>";
		};
		01F7326527ECF0950026C136 /* Search.storyboard */ = {
			isa = PBXVariantGroup;
			children = (
				01F7326627ECF0950026C136 /* Base */,
			);
			name = Search.storyboard;
			sourceTree = "<group>";
		};
		01F7326A27ECF0990026C136 /* LaunchScreen.storyboard */ = {
			isa = PBXVariantGroup;
			children = (
				01F7326B27ECF0990026C136 /* Base */,
			);
			name = LaunchScreen.storyboard;
			sourceTree = "<group>";
		};
/* End PBXVariantGroup section */

/* Begin XCBuildConfiguration section */
		01F7328427ECF0990026C136 /* Debug */ = {
			isa = XCBuildConfiguration;
			buildSettings = {
				ALWAYS_SEARCH_USER_PATHS = NO;
				CLANG_ANALYZER_NONNULL = YES;
				CLANG_ANALYZER_NUMBER_OBJECT_CONVERSION = YES_AGGRESSIVE;
				CLANG_CXX_LANGUAGE_STANDARD = "gnu++14";
				CLANG_CXX_LIBRARY = "libc++";
				CLANG_ENABLE_MODULES = YES;
				CLANG_ENABLE_OBJC_ARC = YES;
				CLANG_ENABLE_OBJC_WEAK = YES;
				CLANG_WARN_BLOCK_CAPTURE_AUTORELEASING = YES;
				CLANG_WARN_BOOL_CONVERSION = YES;
				CLANG_WARN_COMMA = YES;
				CLANG_WARN_CONSTANT_CONVERSION = YES;
				CLANG_WARN_DEPRECATED_OBJC_IMPLEMENTATIONS = YES;
				CLANG_WARN_DIRECT_OBJC_ISA_USAGE = YES_ERROR;
				CLANG_WARN_DOCUMENTATION_COMMENTS = YES;
				CLANG_WARN_EMPTY_BODY = YES;
				CLANG_WARN_ENUM_CONVERSION = YES;
				CLANG_WARN_INFINITE_RECURSION = YES;
				CLANG_WARN_INT_CONVERSION = YES;
				CLANG_WARN_NON_LITERAL_NULL_CONVERSION = YES;
				CLANG_WARN_OBJC_IMPLICIT_RETAIN_SELF = YES;
				CLANG_WARN_OBJC_LITERAL_CONVERSION = YES;
				CLANG_WARN_OBJC_ROOT_CLASS = YES_ERROR;
				CLANG_WARN_QUOTED_INCLUDE_IN_FRAMEWORK_HEADER = YES;
				CLANG_WARN_RANGE_LOOP_ANALYSIS = YES;
				CLANG_WARN_STRICT_PROTOTYPES = YES;
				CLANG_WARN_SUSPICIOUS_MOVE = YES;
				CLANG_WARN_UNGUARDED_AVAILABILITY = YES_AGGRESSIVE;
				CLANG_WARN_UNREACHABLE_CODE = YES;
				CLANG_WARN__DUPLICATE_METHOD_MATCH = YES;
				COPY_PHASE_STRIP = NO;
				DEBUG_INFORMATION_FORMAT = dwarf;
				ENABLE_STRICT_OBJC_MSGSEND = YES;
				ENABLE_TESTABILITY = YES;
				GCC_C_LANGUAGE_STANDARD = gnu11;
				GCC_DYNAMIC_NO_PIC = NO;
				GCC_NO_COMMON_BLOCKS = YES;
				GCC_OPTIMIZATION_LEVEL = 0;
				GCC_PREPROCESSOR_DEFINITIONS = (
					"DEBUG=1",
					"$(inherited)",
				);
				GCC_WARN_64_TO_32_BIT_CONVERSION = YES;
				GCC_WARN_ABOUT_RETURN_TYPE = YES_ERROR;
				GCC_WARN_UNDECLARED_SELECTOR = YES;
				GCC_WARN_UNINITIALIZED_AUTOS = YES_AGGRESSIVE;
				GCC_WARN_UNUSED_FUNCTION = YES;
				GCC_WARN_UNUSED_VARIABLE = YES;
				IPHONEOS_DEPLOYMENT_TARGET = 14.5;
				MTL_ENABLE_DEBUG_INFO = INCLUDE_SOURCE;
				MTL_FAST_MATH = YES;
				ONLY_ACTIVE_ARCH = YES;
				SDKROOT = iphoneos;
				SWIFT_ACTIVE_COMPILATION_CONDITIONS = DEBUG;
				SWIFT_OPTIMIZATION_LEVEL = "-Onone";
			};
			name = Debug;
		};
		01F7328527ECF0990026C136 /* Release */ = {
			isa = XCBuildConfiguration;
			buildSettings = {
				ALWAYS_SEARCH_USER_PATHS = NO;
				CLANG_ANALYZER_NONNULL = YES;
				CLANG_ANALYZER_NUMBER_OBJECT_CONVERSION = YES_AGGRESSIVE;
				CLANG_CXX_LANGUAGE_STANDARD = "gnu++14";
				CLANG_CXX_LIBRARY = "libc++";
				CLANG_ENABLE_MODULES = YES;
				CLANG_ENABLE_OBJC_ARC = YES;
				CLANG_ENABLE_OBJC_WEAK = YES;
				CLANG_WARN_BLOCK_CAPTURE_AUTORELEASING = YES;
				CLANG_WARN_BOOL_CONVERSION = YES;
				CLANG_WARN_COMMA = YES;
				CLANG_WARN_CONSTANT_CONVERSION = YES;
				CLANG_WARN_DEPRECATED_OBJC_IMPLEMENTATIONS = YES;
				CLANG_WARN_DIRECT_OBJC_ISA_USAGE = YES_ERROR;
				CLANG_WARN_DOCUMENTATION_COMMENTS = YES;
				CLANG_WARN_EMPTY_BODY = YES;
				CLANG_WARN_ENUM_CONVERSION = YES;
				CLANG_WARN_INFINITE_RECURSION = YES;
				CLANG_WARN_INT_CONVERSION = YES;
				CLANG_WARN_NON_LITERAL_NULL_CONVERSION = YES;
				CLANG_WARN_OBJC_IMPLICIT_RETAIN_SELF = YES;
				CLANG_WARN_OBJC_LITERAL_CONVERSION = YES;
				CLANG_WARN_OBJC_ROOT_CLASS = YES_ERROR;
				CLANG_WARN_QUOTED_INCLUDE_IN_FRAMEWORK_HEADER = YES;
				CLANG_WARN_RANGE_LOOP_ANALYSIS = YES;
				CLANG_WARN_STRICT_PROTOTYPES = YES;
				CLANG_WARN_SUSPICIOUS_MOVE = YES;
				CLANG_WARN_UNGUARDED_AVAILABILITY = YES_AGGRESSIVE;
				CLANG_WARN_UNREACHABLE_CODE = YES;
				CLANG_WARN__DUPLICATE_METHOD_MATCH = YES;
				COPY_PHASE_STRIP = NO;
				DEBUG_INFORMATION_FORMAT = "dwarf-with-dsym";
				ENABLE_NS_ASSERTIONS = NO;
				ENABLE_STRICT_OBJC_MSGSEND = YES;
				GCC_C_LANGUAGE_STANDARD = gnu11;
				GCC_NO_COMMON_BLOCKS = YES;
				GCC_WARN_64_TO_32_BIT_CONVERSION = YES;
				GCC_WARN_ABOUT_RETURN_TYPE = YES_ERROR;
				GCC_WARN_UNDECLARED_SELECTOR = YES;
				GCC_WARN_UNINITIALIZED_AUTOS = YES_AGGRESSIVE;
				GCC_WARN_UNUSED_FUNCTION = YES;
				GCC_WARN_UNUSED_VARIABLE = YES;
				IPHONEOS_DEPLOYMENT_TARGET = 14.5;
				MTL_ENABLE_DEBUG_INFO = NO;
				MTL_FAST_MATH = YES;
				SDKROOT = iphoneos;
				SWIFT_COMPILATION_MODE = wholemodule;
				SWIFT_OPTIMIZATION_LEVEL = "-O";
				VALIDATE_PRODUCT = YES;
			};
			name = Release;
		};
		01F7328727ECF0990026C136 /* Debug */ = {
			isa = XCBuildConfiguration;
			buildSettings = {
				ASSETCATALOG_COMPILER_APPICON_NAME = AppIcon;
				ASSETCATALOG_COMPILER_GLOBAL_ACCENT_COLOR_NAME = AccentColor;
				CODE_SIGN_STYLE = Automatic;
				INFOPLIST_FILE = GitHubProfileExplorer/Info.plist;
				LD_RUNPATH_SEARCH_PATHS = (
					"$(inherited)",
					"@executable_path/Frameworks",
				);
				PRODUCT_BUNDLE_IDENTIFIER = com.theuniversalproject.GitHubProfileExplorer;
				PRODUCT_NAME = "$(TARGET_NAME)";
				SWIFT_VERSION = 5.0;
				TARGETED_DEVICE_FAMILY = 1;
			};
			name = Debug;
		};
		01F7328827ECF0990026C136 /* Release */ = {
			isa = XCBuildConfiguration;
			buildSettings = {
				ASSETCATALOG_COMPILER_APPICON_NAME = AppIcon;
				ASSETCATALOG_COMPILER_GLOBAL_ACCENT_COLOR_NAME = AccentColor;
				CODE_SIGN_STYLE = Automatic;
				INFOPLIST_FILE = GitHubProfileExplorer/Info.plist;
				LD_RUNPATH_SEARCH_PATHS = (
					"$(inherited)",
					"@executable_path/Frameworks",
				);
				PRODUCT_BUNDLE_IDENTIFIER = com.theuniversalproject.GitHubProfileExplorer;
				PRODUCT_NAME = "$(TARGET_NAME)";
				SWIFT_VERSION = 5.0;
				TARGETED_DEVICE_FAMILY = 1;
			};
			name = Release;
		};
		01F7328A27ECF0990026C136 /* Debug */ = {
			isa = XCBuildConfiguration;
			buildSettings = {
				ALWAYS_EMBED_SWIFT_STANDARD_LIBRARIES = YES;
				BUNDLE_LOADER = "$(TEST_HOST)";
				CODE_SIGN_STYLE = Automatic;
				INFOPLIST_FILE = GitHubProfileExplorerTests/Info.plist;
				IPHONEOS_DEPLOYMENT_TARGET = 14.5;
				LD_RUNPATH_SEARCH_PATHS = (
					"$(inherited)",
					"@executable_path/Frameworks",
					"@loader_path/Frameworks",
				);
				PRODUCT_BUNDLE_IDENTIFIER = com.theuniversalproject.GitHubProfileExplorerTests;
				PRODUCT_NAME = "$(TARGET_NAME)";
				SWIFT_VERSION = 5.0;
				TARGETED_DEVICE_FAMILY = "1,2";
				TEST_HOST = "$(BUILT_PRODUCTS_DIR)/GitHubProfileExplorer.app/GitHubProfileExplorer";
			};
			name = Debug;
		};
		01F7328B27ECF0990026C136 /* Release */ = {
			isa = XCBuildConfiguration;
			buildSettings = {
				ALWAYS_EMBED_SWIFT_STANDARD_LIBRARIES = YES;
				BUNDLE_LOADER = "$(TEST_HOST)";
				CODE_SIGN_STYLE = Automatic;
				INFOPLIST_FILE = GitHubProfileExplorerTests/Info.plist;
				IPHONEOS_DEPLOYMENT_TARGET = 14.5;
				LD_RUNPATH_SEARCH_PATHS = (
					"$(inherited)",
					"@executable_path/Frameworks",
					"@loader_path/Frameworks",
				);
				PRODUCT_BUNDLE_IDENTIFIER = com.theuniversalproject.GitHubProfileExplorerTests;
				PRODUCT_NAME = "$(TARGET_NAME)";
				SWIFT_VERSION = 5.0;
				TARGETED_DEVICE_FAMILY = "1,2";
				TEST_HOST = "$(BUILT_PRODUCTS_DIR)/GitHubProfileExplorer.app/GitHubProfileExplorer";
			};
			name = Release;
		};
		01F7328D27ECF0990026C136 /* Debug */ = {
			isa = XCBuildConfiguration;
			buildSettings = {
				ALWAYS_EMBED_SWIFT_STANDARD_LIBRARIES = YES;
				CODE_SIGN_STYLE = Automatic;
				INFOPLIST_FILE = GitHubProfileExplorerUITests/Info.plist;
				LD_RUNPATH_SEARCH_PATHS = (
					"$(inherited)",
					"@executable_path/Frameworks",
					"@loader_path/Frameworks",
				);
				PRODUCT_BUNDLE_IDENTIFIER = com.theuniversalproject.GitHubProfileExplorerUITests;
				PRODUCT_NAME = "$(TARGET_NAME)";
				SWIFT_VERSION = 5.0;
				TARGETED_DEVICE_FAMILY = "1,2";
				TEST_TARGET_NAME = GitHubProfileExplorer;
			};
			name = Debug;
		};
		01F7328E27ECF0990026C136 /* Release */ = {
			isa = XCBuildConfiguration;
			buildSettings = {
				ALWAYS_EMBED_SWIFT_STANDARD_LIBRARIES = YES;
				CODE_SIGN_STYLE = Automatic;
				INFOPLIST_FILE = GitHubProfileExplorerUITests/Info.plist;
				LD_RUNPATH_SEARCH_PATHS = (
					"$(inherited)",
					"@executable_path/Frameworks",
					"@loader_path/Frameworks",
				);
				PRODUCT_BUNDLE_IDENTIFIER = com.theuniversalproject.GitHubProfileExplorerUITests;
				PRODUCT_NAME = "$(TARGET_NAME)";
				SWIFT_VERSION = 5.0;
				TARGETED_DEVICE_FAMILY = "1,2";
				TEST_TARGET_NAME = GitHubProfileExplorer;
			};
			name = Release;
		};
/* End XCBuildConfiguration section */

/* Begin XCConfigurationList section */
		01F7325727ECF0950026C136 /* Build configuration list for PBXProject "GitHubProfileExplorer" */ = {
			isa = XCConfigurationList;
			buildConfigurations = (
				01F7328427ECF0990026C136 /* Debug */,
				01F7328527ECF0990026C136 /* Release */,
			);
			defaultConfigurationIsVisible = 0;
			defaultConfigurationName = Release;
		};
		01F7328627ECF0990026C136 /* Build configuration list for PBXNativeTarget "GitHubProfileExplorer" */ = {
			isa = XCConfigurationList;
			buildConfigurations = (
				01F7328727ECF0990026C136 /* Debug */,
				01F7328827ECF0990026C136 /* Release */,
			);
			defaultConfigurationIsVisible = 0;
			defaultConfigurationName = Release;
		};
		01F7328927ECF0990026C136 /* Build configuration list for PBXNativeTarget "GitHubProfileExplorerTests" */ = {
			isa = XCConfigurationList;
			buildConfigurations = (
				01F7328A27ECF0990026C136 /* Debug */,
				01F7328B27ECF0990026C136 /* Release */,
			);
			defaultConfigurationIsVisible = 0;
			defaultConfigurationName = Release;
		};
		01F7328C27ECF0990026C136 /* Build configuration list for PBXNativeTarget "GitHubProfileExplorerUITests" */ = {
			isa = XCConfigurationList;
			buildConfigurations = (
				01F7328D27ECF0990026C136 /* Debug */,
				01F7328E27ECF0990026C136 /* Release */,
			);
			defaultConfigurationIsVisible = 0;
			defaultConfigurationName = Release;
		};
/* End XCConfigurationList section */

/* Begin XCRemoteSwiftPackageReference section */
		017579F927F14E4D00E408D8 /* XCRemoteSwiftPackageReference "realm-swift" */ = {
			isa = XCRemoteSwiftPackageReference;
			repositoryURL = "https://github.com/realm/realm-swift";
			requirement = {
				kind = upToNextMajorVersion;
				minimumVersion = 10.24.2;
			};
		};
/* End XCRemoteSwiftPackageReference section */

/* Begin XCSwiftPackageProductDependency section */
		017579FA27F14E4D00E408D8 /* Realm */ = {
			isa = XCSwiftPackageProductDependency;
			package = 017579F927F14E4D00E408D8 /* XCRemoteSwiftPackageReference "realm-swift" */;
			productName = Realm;
		};
		017579FC27F14E4D00E408D8 /* RealmSwift */ = {
			isa = XCSwiftPackageProductDependency;
			package = 017579F927F14E4D00E408D8 /* XCRemoteSwiftPackageReference "realm-swift" */;
			productName = RealmSwift;
		};
/* End XCSwiftPackageProductDependency section */
	};
	rootObject = 01F7325427ECF0950026C136 /* Project object */;
}
